
Microsoft Visual Studio Solution File, Format Version 12.00
# Visual Studio Version 16
VisualStudioVersion = 16.0.31005.135
MinimumVisualStudioVersion = 10.0.40219.1
Project("{FAE04EC0-301F-11D3-BF4B-00C04F79EFBC}") = "TheMountaineer", "TheMountaineer\TheMountaineer.csproj", "{65D563C8-5838-4AAB-8991-A0D0A63520D1}"
EndProject
Project("{FAE04EC0-301F-11D3-BF4B-00C04F79EFBC}") = "TheRonin", "TheRonin\TheRonin.csproj", "{55E60856-9CC5-4219-A853-F4726521C30B}"
EndProject
Global
	GlobalSection(SolutionConfigurationPlatforms) = preSolution
		Debug|Any CPU = Debug|Any CPU
		Release|Any CPU = Release|Any CPU
	EndGlobalSection
	GlobalSection(ProjectConfigurationPlatforms) = postSolution
		{65D563C8-5838-4AAB-8991-A0D0A63520D1}.Debug|Any CPU.ActiveCfg = Debug|Any CPU
		{65D563C8-5838-4AAB-8991-A0D0A63520D1}.Debug|Any CPU.Build.0 = Debug|Any CPU
		{65D563C8-5838-4AAB-8991-A0D0A63520D1}.Release|Any CPU.ActiveCfg = Release|Any CPU
		{65D563C8-5838-4AAB-8991-A0D0A63520D1}.Release|Any CPU.Build.0 = Release|Any CPU
		{55E60856-9CC5-4219-A853-F4726521C30B}.Debug|Any CPU.ActiveCfg = Debug|Any CPU
		{55E60856-9CC5-4219-A853-F4726521C30B}.Debug|Any CPU.Build.0 = Debug|Any CPU
		{55E60856-9CC5-4219-A853-F4726521C30B}.Release|Any CPU.ActiveCfg = Release|Any CPU
		{55E60856-9CC5-4219-A853-F4726521C30B}.Release|Any CPU.Build.0 = Release|Any CPU
		{533CB781-C85C-43A6-BB10-6A1EA8C2BB2C}.Debug|Any CPU.ActiveCfg = Debug|Any CPU
		{533CB781-C85C-43A6-BB10-6A1EA8C2BB2C}.Debug|Any CPU.Build.0 = Debug|Any CPU
		{533CB781-C85C-43A6-BB10-6A1EA8C2BB2C}.Release|Any CPU.ActiveCfg = Release|Any CPU
		{533CB781-C85C-43A6-BB10-6A1EA8C2BB2C}.Release|Any CPU.Build.0 = Release|Any CPU
	EndGlobalSection
	GlobalSection(SolutionProperties) = preSolution
		HideSolutionNode = FALSE
	EndGlobalSection
	GlobalSection(ExtensibilityGlobals) = postSolution
		SolutionGuid = {6EF97A52-1121-48A2-8752-2F2630A20B1C}
	EndGlobalSection
EndGlobal
